{
  "name": "ironlink-crm",
  "version": "1.0.0",
  "lockfileVersion": 2,
  "requires": true,
  "packages": {
    "": {
      "name": "ironlink-crm",
      "version": "1.0.0",
      "dependencies": {
        "express": "^4.18.2",
        "multer": "^2.0.0",
        "archiver": "^5.3.1"
      },
      "devDependencies": {
        "nodemon": "^2.0.22"
      }
    },
    "node_modules/express": {
      "version": "4.18.2",
      "resolved": "https://registry.npmjs.org/express/-/express-4.18.2.tgz",
      "integrity": "...",
      "dependencies": {
        "body-parser": "^1.20.2",
        "debug": "^2.6.9"
      }
    },
    "node_modules/multer": {
      "version": "2.0.0",
      "resolved": "https://registry.npmjs.org/multer/-/multer-2.0.0.tgz",
      "integrity": "...",
      "dependencies": {
        "busboy": "^1.6.0"
      }
    },
    "node_modules/archiver": {
      "version": "5.3.1",
      "resolved": "https://registry.npmjs.org/archiver/-/archiver-5.3.1.tgz",
      "integrity": "...",
      "dependencies": {
        "zip-stream": "^4.1.0",
        "readable-stream": "^3.6.0"
      }
    },
    "node_modules/nodemon": {
      "version": "2.0.22",
      "resolved": "https://registry.npmjs.org/nodemon/-/nodemon-2.0.22.tgz",
      "integrity": "...",
      "dev": true
    }
  }
}
