{
  "name": "ironlink-crm",
  "version": "1.0.0",
  "lockfileVersion": 2,
  "requires": true,
  "packages": {
    "": {
      "name": "ironlink-crm",
      "version": "1.0.0",
      "dependencies": {
        "archiver": "^5.3.1",
        "express": "^4.18.2",
        "multer": "^1.4.5"
      },
      "devDependencies": {
        "nodemon": "^2.0.22"
      }
    },
    "node_modules/archiver": {
      "version": "5.3.1",
      "resolved": "...",
      "integrity": "...",
      "dependencies": {
        "readable-stream": "^3.6.0",
        "zip-stream": "^4.1.0"
      }
    },
    "node_modules/express": {
      "version": "4.18.2",
      "resolved": "...",
      "dependencies": {
        "body-parser": "^1.20.2",
        "debug": "^2.6.9"
      }
    },
    "node_modules/multer": {
      "version": "1.4.5-lts.1",
      "resolved": "...",
      "integrity": "...",
      "dependencies": {
        "busboy": "^1.6.0"
      }
    },
    "node_modules/nodemon": {
      "version": "2.0.22",
      "resolved": "...",
      "dev": true
    }
  }
}
